
Microsoft Visual Studio Solution File, Format Version 12.00
# Visual Studio 15
VisualStudioVersion = 15.0.26124.0
MinimumVisualStudioVersion = 15.0.26124.0
Project("{FAE04EC0-301F-11D3-BF4B-00C04F79EFBC}") = "ContextPayment.Domain", "ContextPayment.Domain\ContextPayment.Domain.csproj", "{75D8DB79-0265-4790-8E64-5420F0653224}"
EndProject
Project("{FAE04EC0-301F-11D3-BF4B-00C04F79EFBC}") = "ContextPayment.Shared", "ContextPayment.Shared\ContextPayment.Shared.csproj", "{6F447858-3FC0-45C6-BE44-7D7360A86B50}"
EndProject
Project("{FAE04EC0-301F-11D3-BF4B-00C04F79EFBC}") = "ContextPayment.Tests", "ContextPayment.Tests\ContextPayment.Tests.csproj", "{A6CEE442-8EB1-4241-A8DA-35A368AD9560}"
EndProject
Project("{FAE04EC0-301F-11D3-BF4B-00C04F79EFBC}") = "ContextPayment.Infra", "ContextPayment.Infra\ContextPayment.Infra.csproj", "{0B4660C0-DE25-4008-9211-E57942DFE497}"
EndProject
Global
	GlobalSection(SolutionConfigurationPlatforms) = preSolution
		Debug|Any CPU = Debug|Any CPU
		Debug|x64 = Debug|x64
		Debug|x86 = Debug|x86
		Release|Any CPU = Release|Any CPU
		Release|x64 = Release|x64
		Release|x86 = Release|x86
	EndGlobalSection
	GlobalSection(SolutionProperties) = preSolution
		HideSolutionNode = FALSE
	EndGlobalSection
	GlobalSection(ProjectConfigurationPlatforms) = postSolution
		{75D8DB79-0265-4790-8E64-5420F0653224}.Debug|Any CPU.ActiveCfg = Debug|Any CPU
		{75D8DB79-0265-4790-8E64-5420F0653224}.Debug|Any CPU.Build.0 = Debug|Any CPU
		{75D8DB79-0265-4790-8E64-5420F0653224}.Debug|x64.ActiveCfg = Debug|Any CPU
		{75D8DB79-0265-4790-8E64-5420F0653224}.Debug|x64.Build.0 = Debug|Any CPU
		{75D8DB79-0265-4790-8E64-5420F0653224}.Debug|x86.ActiveCfg = Debug|Any CPU
		{75D8DB79-0265-4790-8E64-5420F0653224}.Debug|x86.Build.0 = Debug|Any CPU
		{75D8DB79-0265-4790-8E64-5420F0653224}.Release|Any CPU.ActiveCfg = Release|Any CPU
		{75D8DB79-0265-4790-8E64-5420F0653224}.Release|Any CPU.Build.0 = Release|Any CPU
		{75D8DB79-0265-4790-8E64-5420F0653224}.Release|x64.ActiveCfg = Release|Any CPU
		{75D8DB79-0265-4790-8E64-5420F0653224}.Release|x64.Build.0 = Release|Any CPU
		{75D8DB79-0265-4790-8E64-5420F0653224}.Release|x86.ActiveCfg = Release|Any CPU
		{75D8DB79-0265-4790-8E64-5420F0653224}.Release|x86.Build.0 = Release|Any CPU
		{6F447858-3FC0-45C6-BE44-7D7360A86B50}.Debug|Any CPU.ActiveCfg = Debug|Any CPU
		{6F447858-3FC0-45C6-BE44-7D7360A86B50}.Debug|Any CPU.Build.0 = Debug|Any CPU
		{6F447858-3FC0-45C6-BE44-7D7360A86B50}.Debug|x64.ActiveCfg = Debug|Any CPU
		{6F447858-3FC0-45C6-BE44-7D7360A86B50}.Debug|x64.Build.0 = Debug|Any CPU
		{6F447858-3FC0-45C6-BE44-7D7360A86B50}.Debug|x86.ActiveCfg = Debug|Any CPU
		{6F447858-3FC0-45C6-BE44-7D7360A86B50}.Debug|x86.Build.0 = Debug|Any CPU
		{6F447858-3FC0-45C6-BE44-7D7360A86B50}.Release|Any CPU.ActiveCfg = Release|Any CPU
		{6F447858-3FC0-45C6-BE44-7D7360A86B50}.Release|Any CPU.Build.0 = Release|Any CPU
		{6F447858-3FC0-45C6-BE44-7D7360A86B50}.Release|x64.ActiveCfg = Release|Any CPU
		{6F447858-3FC0-45C6-BE44-7D7360A86B50}.Release|x64.Build.0 = Release|Any CPU
		{6F447858-3FC0-45C6-BE44-7D7360A86B50}.Release|x86.ActiveCfg = Release|Any CPU
		{6F447858-3FC0-45C6-BE44-7D7360A86B50}.Release|x86.Build.0 = Release|Any CPU
		{A6CEE442-8EB1-4241-A8DA-35A368AD9560}.Debug|Any CPU.ActiveCfg = Debug|Any CPU
		{A6CEE442-8EB1-4241-A8DA-35A368AD9560}.Debug|Any CPU.Build.0 = Debug|Any CPU
		{A6CEE442-8EB1-4241-A8DA-35A368AD9560}.Debug|x64.ActiveCfg = Debug|Any CPU
		{A6CEE442-8EB1-4241-A8DA-35A368AD9560}.Debug|x64.Build.0 = Debug|Any CPU
		{A6CEE442-8EB1-4241-A8DA-35A368AD9560}.Debug|x86.ActiveCfg = Debug|Any CPU
		{A6CEE442-8EB1-4241-A8DA-35A368AD9560}.Debug|x86.Build.0 = Debug|Any CPU
		{A6CEE442-8EB1-4241-A8DA-35A368AD9560}.Release|Any CPU.ActiveCfg = Release|Any CPU
		{A6CEE442-8EB1-4241-A8DA-35A368AD9560}.Release|Any CPU.Build.0 = Release|Any CPU
		{A6CEE442-8EB1-4241-A8DA-35A368AD9560}.Release|x64.ActiveCfg = Release|Any CPU
		{A6CEE442-8EB1-4241-A8DA-35A368AD9560}.Release|x64.Build.0 = Release|Any CPU
		{A6CEE442-8EB1-4241-A8DA-35A368AD9560}.Release|x86.ActiveCfg = Release|Any CPU
		{A6CEE442-8EB1-4241-A8DA-35A368AD9560}.Release|x86.Build.0 = Release|Any CPU
		{0B4660C0-DE25-4008-9211-E57942DFE497}.Debug|Any CPU.ActiveCfg = Debug|Any CPU
		{0B4660C0-DE25-4008-9211-E57942DFE497}.Debug|Any CPU.Build.0 = Debug|Any CPU
		{0B4660C0-DE25-4008-9211-E57942DFE497}.Debug|x64.ActiveCfg = Debug|Any CPU
		{0B4660C0-DE25-4008-9211-E57942DFE497}.Debug|x64.Build.0 = Debug|Any CPU
		{0B4660C0-DE25-4008-9211-E57942DFE497}.Debug|x86.ActiveCfg = Debug|Any CPU
		{0B4660C0-DE25-4008-9211-E57942DFE497}.Debug|x86.Build.0 = Debug|Any CPU
		{0B4660C0-DE25-4008-9211-E57942DFE497}.Release|Any CPU.ActiveCfg = Release|Any CPU
		{0B4660C0-DE25-4008-9211-E57942DFE497}.Release|Any CPU.Build.0 = Release|Any CPU
		{0B4660C0-DE25-4008-9211-E57942DFE497}.Release|x64.ActiveCfg = Release|Any CPU
		{0B4660C0-DE25-4008-9211-E57942DFE497}.Release|x64.Build.0 = Release|Any CPU
		{0B4660C0-DE25-4008-9211-E57942DFE497}.Release|x86.ActiveCfg = Release|Any CPU
		{0B4660C0-DE25-4008-9211-E57942DFE497}.Release|x86.Build.0 = Release|Any CPU
	EndGlobalSection
EndGlobal
